
Microsoft Visual Studio Solution File, Format Version 12.00
# Visual Studio 14
VisualStudioVersion = 14.0.25420.1
MinimumVisualStudioVersion = 10.0.40219.1
Project("{FAE04EC0-301F-11D3-BF4B-00C04F79EFBC}") = "HelloWorldServiceLibrary", "HelloWorldServiceLibrary\HelloWorldServiceLibrary.csproj", "{D460F515-702C-414F-9DE4-22D90A1285BD}"
EndProject
Project("{FAE04EC0-301F-11D3-BF4B-00C04F79EFBC}") = "WCFClient1", "WCFClient1\WCFClient1.csproj", "{183215C3-D778-45BA-8A87-657B40E584B4}"
	ProjectSection(ProjectDependencies) = postProject
		{5C9C1381-80E8-4465-BF4F-AAF2F1C595BB} = {5C9C1381-80E8-4465-BF4F-AAF2F1C595BB}
	EndProjectSection
EndProject
Project("{FAE04EC0-301F-11D3-BF4B-00C04F79EFBC}") = "WebHost", "WebHost\WebHost.csproj", "{5C9C1381-80E8-4465-BF4F-AAF2F1C595BB}"
EndProject
Project("{FAE04EC0-301F-11D3-BF4B-00C04F79EFBC}") = "WCFClient2", "WCFClient2\WCFClient2.csproj", "{5DA9B04D-79E9-451C-8C03-7909B8EB2527}"
	ProjectSection(ProjectDependencies) = postProject
		{5C9C1381-80E8-4465-BF4F-AAF2F1C595BB} = {5C9C1381-80E8-4465-BF4F-AAF2F1C595BB}
	EndProjectSection
EndProject
Global
	GlobalSection(SolutionConfigurationPlatforms) = preSolution
		Debug|Any CPU = Debug|Any CPU
		Release|Any CPU = Release|Any CPU
	EndGlobalSection
	GlobalSection(ProjectConfigurationPlatforms) = postSolution
		{D460F515-702C-414F-9DE4-22D90A1285BD}.Debug|Any CPU.ActiveCfg = Debug|Any CPU
		{D460F515-702C-414F-9DE4-22D90A1285BD}.Debug|Any CPU.Build.0 = Debug|Any CPU
		{D460F515-702C-414F-9DE4-22D90A1285BD}.Release|Any CPU.ActiveCfg = Release|Any CPU
		{D460F515-702C-414F-9DE4-22D90A1285BD}.Release|Any CPU.Build.0 = Release|Any CPU
		{183215C3-D778-45BA-8A87-657B40E584B4}.Debug|Any CPU.ActiveCfg = Debug|Any CPU
		{183215C3-D778-45BA-8A87-657B40E584B4}.Debug|Any CPU.Build.0 = Debug|Any CPU
		{183215C3-D778-45BA-8A87-657B40E584B4}.Release|Any CPU.ActiveCfg = Release|Any CPU
		{183215C3-D778-45BA-8A87-657B40E584B4}.Release|Any CPU.Build.0 = Release|Any CPU
		{5C9C1381-80E8-4465-BF4F-AAF2F1C595BB}.Debug|Any CPU.ActiveCfg = Debug|Any CPU
		{5C9C1381-80E8-4465-BF4F-AAF2F1C595BB}.Debug|Any CPU.Build.0 = Debug|Any CPU
		{5C9C1381-80E8-4465-BF4F-AAF2F1C595BB}.Release|Any CPU.ActiveCfg = Release|Any CPU
		{5C9C1381-80E8-4465-BF4F-AAF2F1C595BB}.Release|Any CPU.Build.0 = Release|Any CPU
		{5DA9B04D-79E9-451C-8C03-7909B8EB2527}.Debug|Any CPU.ActiveCfg = Debug|Any CPU
		{5DA9B04D-79E9-451C-8C03-7909B8EB2527}.Debug|Any CPU.Build.0 = Debug|Any CPU
		{5DA9B04D-79E9-451C-8C03-7909B8EB2527}.Release|Any CPU.ActiveCfg = Release|Any CPU
		{5DA9B04D-79E9-451C-8C03-7909B8EB2527}.Release|Any CPU.Build.0 = Release|Any CPU
	EndGlobalSection
	GlobalSection(SolutionProperties) = preSolution
		HideSolutionNode = FALSE
	EndGlobalSection
EndGlobal
