
Microsoft Visual Studio Solution File, Format Version 12.00
# Visual Studio 14
VisualStudioVersion = 14.0.25420.1
MinimumVisualStudioVersion = 10.0.40219.1
Project("{FAE04EC0-301F-11D3-BF4B-00C04F79EFBC}") = "CustomerServceLibrary", "..\CustomerServceLibrary\CustomerServceLibrary.csproj", "{8A9C7114-67E0-4EB9-BDC8-39F289461234}"
EndProject
Project("{FAE04EC0-301F-11D3-BF4B-00C04F79EFBC}") = "TimeServiceLibrary", "..\TimeServiceLibrary\TimeServiceLibrary.csproj", "{345ED9BB-D3F2-452E-A3C4-4D022B656D16}"
EndProject
Project("{FAE04EC0-301F-11D3-BF4B-00C04F79EFBC}") = "ConsoleHost", "..\ConsoleHost\ConsoleHost.csproj", "{10B9BA0E-5AA5-4DCE-B7AE-64B5FF6FA83E}"
EndProject
Global
	GlobalSection(SolutionConfigurationPlatforms) = preSolution
		Debug|Any CPU = Debug|Any CPU
		Release|Any CPU = Release|Any CPU
	EndGlobalSection
	GlobalSection(ProjectConfigurationPlatforms) = postSolution
		{8A9C7114-67E0-4EB9-BDC8-39F289461234}.Debug|Any CPU.ActiveCfg = Debug|Any CPU
		{8A9C7114-67E0-4EB9-BDC8-39F289461234}.Debug|Any CPU.Build.0 = Debug|Any CPU
		{8A9C7114-67E0-4EB9-BDC8-39F289461234}.Release|Any CPU.ActiveCfg = Release|Any CPU
		{8A9C7114-67E0-4EB9-BDC8-39F289461234}.Release|Any CPU.Build.0 = Release|Any CPU
		{345ED9BB-D3F2-452E-A3C4-4D022B656D16}.Debug|Any CPU.ActiveCfg = Debug|Any CPU
		{345ED9BB-D3F2-452E-A3C4-4D022B656D16}.Debug|Any CPU.Build.0 = Debug|Any CPU
		{345ED9BB-D3F2-452E-A3C4-4D022B656D16}.Release|Any CPU.ActiveCfg = Release|Any CPU
		{345ED9BB-D3F2-452E-A3C4-4D022B656D16}.Release|Any CPU.Build.0 = Release|Any CPU
		{10B9BA0E-5AA5-4DCE-B7AE-64B5FF6FA83E}.Debug|Any CPU.ActiveCfg = Debug|Any CPU
		{10B9BA0E-5AA5-4DCE-B7AE-64B5FF6FA83E}.Debug|Any CPU.Build.0 = Debug|Any CPU
		{10B9BA0E-5AA5-4DCE-B7AE-64B5FF6FA83E}.Release|Any CPU.ActiveCfg = Release|Any CPU
		{10B9BA0E-5AA5-4DCE-B7AE-64B5FF6FA83E}.Release|Any CPU.Build.0 = Release|Any CPU
	EndGlobalSection
	GlobalSection(SolutionProperties) = preSolution
		HideSolutionNode = FALSE
	EndGlobalSection
EndGlobal
